
Microsoft Visual Studio Solution File, Format Version 12.00
# Visual Studio Version 16
VisualStudioVersion = 16.0.31727.386
MinimumVisualStudioVersion = 10.0.40219.1
Project("{FAE04EC0-301F-11D3-BF4B-00C04F79EFBC}") = "Uzduotis_1", "Uzduotis_1\Uzduotis_1.csproj", "{43421778-A152-491A-BBCB-206C65A28A63}"
EndProject
Global
	GlobalSection(SolutionConfigurationPlatforms) = preSolution
		Debug|Any CPU = Debug|Any CPU
		Release|Any CPU = Release|Any CPU
	EndGlobalSection
	GlobalSection(ProjectConfigurationPlatforms) = postSolution
		{43421778-A152-491A-BBCB-206C65A28A63}.Debug|Any CPU.ActiveCfg = Debug|Any CPU
		{43421778-A152-491A-BBCB-206C65A28A63}.Debug|Any CPU.Build.0 = Debug|Any CPU
		{43421778-A152-491A-BBCB-206C65A28A63}.Release|Any CPU.ActiveCfg = Release|Any CPU
		{43421778-A152-491A-BBCB-206C65A28A63}.Release|Any CPU.Build.0 = Release|Any CPU
	EndGlobalSection
	GlobalSection(SolutionProperties) = preSolution
		HideSolutionNode = FALSE
	EndGlobalSection
	GlobalSection(ExtensibilityGlobals) = postSolution
		SolutionGuid = {8991BB0F-AA34-47F3-9D19-33ED2BA5CDD2}
	EndGlobalSection
EndGlobal
